
Microsoft Visual Studio Solution File, Format Version 12.00
# Visual Studio Version 17
VisualStudioVersion = 17.14.36623.8 d17.14
MinimumVisualStudioVersion = 10.0.40219.1
Project("{FAE04EC0-301F-11D3-BF4B-00C04F79EFBC}") = "lesson081", "lesson081.csproj", "{5F8DF886-61FF-454E-B31C-54D789C86F49}"
EndProject
Global
	GlobalSection(SolutionConfigurationPlatforms) = preSolution
		Debug|Any CPU = Debug|Any CPU
		Release|Any CPU = Release|Any CPU
	EndGlobalSection
	GlobalSection(ProjectConfigurationPlatforms) = postSolution
		{5F8DF886-61FF-454E-B31C-54D789C86F49}.Debug|Any CPU.ActiveCfg = Debug|Any CPU
		{5F8DF886-61FF-454E-B31C-54D789C86F49}.Debug|Any CPU.Build.0 = Debug|Any CPU
		{5F8DF886-61FF-454E-B31C-54D789C86F49}.Release|Any CPU.ActiveCfg = Release|Any CPU
		{5F8DF886-61FF-454E-B31C-54D789C86F49}.Release|Any CPU.Build.0 = Release|Any CPU
	EndGlobalSection
	GlobalSection(SolutionProperties) = preSolution
		HideSolutionNode = FALSE
	EndGlobalSection
	GlobalSection(ExtensibilityGlobals) = postSolution
		SolutionGuid = {0F5A73C1-E33E-4EFA-BD23-FD8C7CC3FFBA}
	EndGlobalSection
EndGlobal
