
Microsoft Visual Studio Solution File, Format Version 12.00
# Visual Studio Version 17
VisualStudioVersion = 17.14.36623.8 d17.14
MinimumVisualStudioVersion = 10.0.40219.1
Project("{FAE04EC0-301F-11D3-BF4B-00C04F79EFBC}") = "lesson055", "lesson055.csproj", "{C10AB253-DF56-461B-B7B9-A3EF2774672C}"
EndProject
Global
	GlobalSection(SolutionConfigurationPlatforms) = preSolution
		Debug|Any CPU = Debug|Any CPU
		Release|Any CPU = Release|Any CPU
	EndGlobalSection
	GlobalSection(ProjectConfigurationPlatforms) = postSolution
		{C10AB253-DF56-461B-B7B9-A3EF2774672C}.Debug|Any CPU.ActiveCfg = Debug|Any CPU
		{C10AB253-DF56-461B-B7B9-A3EF2774672C}.Debug|Any CPU.Build.0 = Debug|Any CPU
		{C10AB253-DF56-461B-B7B9-A3EF2774672C}.Release|Any CPU.ActiveCfg = Release|Any CPU
		{C10AB253-DF56-461B-B7B9-A3EF2774672C}.Release|Any CPU.Build.0 = Release|Any CPU
	EndGlobalSection
	GlobalSection(SolutionProperties) = preSolution
		HideSolutionNode = FALSE
	EndGlobalSection
	GlobalSection(ExtensibilityGlobals) = postSolution
		SolutionGuid = {AD1B40BD-824A-404C-B90D-B76C55EF9D9D}
	EndGlobalSection
EndGlobal
