
Microsoft Visual Studio Solution File, Format Version 12.00
# Visual Studio Version 17
VisualStudioVersion = 17.14.36623.8 d17.14
MinimumVisualStudioVersion = 10.0.40219.1
Project("{FAE04EC0-301F-11D3-BF4B-00C04F79EFBC}") = "lesson090", "lesson090.csproj", "{8260BD1C-E210-4B46-8959-871A72E3892D}"
EndProject
Global
	GlobalSection(SolutionConfigurationPlatforms) = preSolution
		Debug|Any CPU = Debug|Any CPU
		Release|Any CPU = Release|Any CPU
	EndGlobalSection
	GlobalSection(ProjectConfigurationPlatforms) = postSolution
		{8260BD1C-E210-4B46-8959-871A72E3892D}.Debug|Any CPU.ActiveCfg = Debug|Any CPU
		{8260BD1C-E210-4B46-8959-871A72E3892D}.Debug|Any CPU.Build.0 = Debug|Any CPU
		{8260BD1C-E210-4B46-8959-871A72E3892D}.Release|Any CPU.ActiveCfg = Release|Any CPU
		{8260BD1C-E210-4B46-8959-871A72E3892D}.Release|Any CPU.Build.0 = Release|Any CPU
	EndGlobalSection
	GlobalSection(SolutionProperties) = preSolution
		HideSolutionNode = FALSE
	EndGlobalSection
	GlobalSection(ExtensibilityGlobals) = postSolution
		SolutionGuid = {95A08D73-47CF-4245-8F87-6937C0080F2A}
	EndGlobalSection
EndGlobal
