
Microsoft Visual Studio Solution File, Format Version 12.00
# Visual Studio Version 17
VisualStudioVersion = 17.14.36623.8 d17.14
MinimumVisualStudioVersion = 10.0.40219.1
Project("{FAE04EC0-301F-11D3-BF4B-00C04F79EFBC}") = "lesson074", "lesson074.csproj", "{1020CF0F-5578-4472-AEC6-ACE9459D3E42}"
EndProject
Global
	GlobalSection(SolutionConfigurationPlatforms) = preSolution
		Debug|Any CPU = Debug|Any CPU
		Release|Any CPU = Release|Any CPU
	EndGlobalSection
	GlobalSection(ProjectConfigurationPlatforms) = postSolution
		{1020CF0F-5578-4472-AEC6-ACE9459D3E42}.Debug|Any CPU.ActiveCfg = Debug|Any CPU
		{1020CF0F-5578-4472-AEC6-ACE9459D3E42}.Debug|Any CPU.Build.0 = Debug|Any CPU
		{1020CF0F-5578-4472-AEC6-ACE9459D3E42}.Release|Any CPU.ActiveCfg = Release|Any CPU
		{1020CF0F-5578-4472-AEC6-ACE9459D3E42}.Release|Any CPU.Build.0 = Release|Any CPU
	EndGlobalSection
	GlobalSection(SolutionProperties) = preSolution
		HideSolutionNode = FALSE
	EndGlobalSection
	GlobalSection(ExtensibilityGlobals) = postSolution
		SolutionGuid = {D0EA9E3B-A954-49BA-A384-4873B6BF6733}
	EndGlobalSection
EndGlobal
