
Microsoft Visual Studio Solution File, Format Version 12.00
# Visual Studio Version 17
VisualStudioVersion = 17.14.36623.8 d17.14
MinimumVisualStudioVersion = 10.0.40219.1
Project("{FAE04EC0-301F-11D3-BF4B-00C04F79EFBC}") = "lesson078", "lesson078.csproj", "{1BFDCFAB-278C-421D-B847-7F4F69CA53DD}"
EndProject
Global
	GlobalSection(SolutionConfigurationPlatforms) = preSolution
		Debug|Any CPU = Debug|Any CPU
		Release|Any CPU = Release|Any CPU
	EndGlobalSection
	GlobalSection(ProjectConfigurationPlatforms) = postSolution
		{1BFDCFAB-278C-421D-B847-7F4F69CA53DD}.Debug|Any CPU.ActiveCfg = Debug|Any CPU
		{1BFDCFAB-278C-421D-B847-7F4F69CA53DD}.Debug|Any CPU.Build.0 = Debug|Any CPU
		{1BFDCFAB-278C-421D-B847-7F4F69CA53DD}.Release|Any CPU.ActiveCfg = Release|Any CPU
		{1BFDCFAB-278C-421D-B847-7F4F69CA53DD}.Release|Any CPU.Build.0 = Release|Any CPU
	EndGlobalSection
	GlobalSection(SolutionProperties) = preSolution
		HideSolutionNode = FALSE
	EndGlobalSection
	GlobalSection(ExtensibilityGlobals) = postSolution
		SolutionGuid = {A2EBA8F7-CDA9-4527-90AD-3118D6A8F8C1}
	EndGlobalSection
EndGlobal
