
Microsoft Visual Studio Solution File, Format Version 12.00
# Visual Studio Version 17
VisualStudioVersion = 17.14.36623.8 d17.14
MinimumVisualStudioVersion = 10.0.40219.1
Project("{FAE04EC0-301F-11D3-BF4B-00C04F79EFBC}") = "lesson024", "lesson024.csproj", "{5F47AF81-BC09-4C9D-9C21-838BACB83725}"
EndProject
Global
	GlobalSection(SolutionConfigurationPlatforms) = preSolution
		Debug|Any CPU = Debug|Any CPU
		Release|Any CPU = Release|Any CPU
	EndGlobalSection
	GlobalSection(ProjectConfigurationPlatforms) = postSolution
		{5F47AF81-BC09-4C9D-9C21-838BACB83725}.Debug|Any CPU.ActiveCfg = Debug|Any CPU
		{5F47AF81-BC09-4C9D-9C21-838BACB83725}.Debug|Any CPU.Build.0 = Debug|Any CPU
		{5F47AF81-BC09-4C9D-9C21-838BACB83725}.Release|Any CPU.ActiveCfg = Release|Any CPU
		{5F47AF81-BC09-4C9D-9C21-838BACB83725}.Release|Any CPU.Build.0 = Release|Any CPU
	EndGlobalSection
	GlobalSection(SolutionProperties) = preSolution
		HideSolutionNode = FALSE
	EndGlobalSection
	GlobalSection(ExtensibilityGlobals) = postSolution
		SolutionGuid = {B34FCD1F-147A-4E7E-BA08-DC908AA8CAF0}
	EndGlobalSection
EndGlobal
