
Microsoft Visual Studio Solution File, Format Version 12.00
# Visual Studio Version 17
VisualStudioVersion = 17.14.36623.8 d17.14
MinimumVisualStudioVersion = 10.0.40219.1
Project("{FAE04EC0-301F-11D3-BF4B-00C04F79EFBC}") = "lesson015", "lesson015.csproj", "{12E41D4A-36E9-4B1E-8019-C674E731C977}"
EndProject
Global
	GlobalSection(SolutionConfigurationPlatforms) = preSolution
		Debug|Any CPU = Debug|Any CPU
		Release|Any CPU = Release|Any CPU
	EndGlobalSection
	GlobalSection(ProjectConfigurationPlatforms) = postSolution
		{12E41D4A-36E9-4B1E-8019-C674E731C977}.Debug|Any CPU.ActiveCfg = Debug|Any CPU
		{12E41D4A-36E9-4B1E-8019-C674E731C977}.Debug|Any CPU.Build.0 = Debug|Any CPU
		{12E41D4A-36E9-4B1E-8019-C674E731C977}.Release|Any CPU.ActiveCfg = Release|Any CPU
		{12E41D4A-36E9-4B1E-8019-C674E731C977}.Release|Any CPU.Build.0 = Release|Any CPU
	EndGlobalSection
	GlobalSection(SolutionProperties) = preSolution
		HideSolutionNode = FALSE
	EndGlobalSection
	GlobalSection(ExtensibilityGlobals) = postSolution
		SolutionGuid = {FFA9FC1B-932D-4C3D-B5C7-8B3355275C9B}
	EndGlobalSection
EndGlobal
