
Microsoft Visual Studio Solution File, Format Version 12.00
# Visual Studio Version 17
VisualStudioVersion = 17.14.36623.8 d17.14
MinimumVisualStudioVersion = 10.0.40219.1
Project("{FAE04EC0-301F-11D3-BF4B-00C04F79EFBC}") = "lesson065", "lesson065.csproj", "{671C7527-BAED-4D50-8DB3-B99032020723}"
EndProject
Global
	GlobalSection(SolutionConfigurationPlatforms) = preSolution
		Debug|Any CPU = Debug|Any CPU
		Release|Any CPU = Release|Any CPU
	EndGlobalSection
	GlobalSection(ProjectConfigurationPlatforms) = postSolution
		{671C7527-BAED-4D50-8DB3-B99032020723}.Debug|Any CPU.ActiveCfg = Debug|Any CPU
		{671C7527-BAED-4D50-8DB3-B99032020723}.Debug|Any CPU.Build.0 = Debug|Any CPU
		{671C7527-BAED-4D50-8DB3-B99032020723}.Release|Any CPU.ActiveCfg = Release|Any CPU
		{671C7527-BAED-4D50-8DB3-B99032020723}.Release|Any CPU.Build.0 = Release|Any CPU
	EndGlobalSection
	GlobalSection(SolutionProperties) = preSolution
		HideSolutionNode = FALSE
	EndGlobalSection
	GlobalSection(ExtensibilityGlobals) = postSolution
		SolutionGuid = {BD524019-0AC8-43AD-BA63-5F9E079B788B}
	EndGlobalSection
EndGlobal
