
Microsoft Visual Studio Solution File, Format Version 12.00
# Visual Studio Version 17
VisualStudioVersion = 17.14.36623.8 d17.14
MinimumVisualStudioVersion = 10.0.40219.1
Project("{FAE04EC0-301F-11D3-BF4B-00C04F79EFBC}") = "lesson48", "lesson48.csproj", "{24FAF8BC-5461-42A9-845A-B5B686AF720F}"
EndProject
Global
	GlobalSection(SolutionConfigurationPlatforms) = preSolution
		Debug|Any CPU = Debug|Any CPU
		Release|Any CPU = Release|Any CPU
	EndGlobalSection
	GlobalSection(ProjectConfigurationPlatforms) = postSolution
		{24FAF8BC-5461-42A9-845A-B5B686AF720F}.Debug|Any CPU.ActiveCfg = Debug|Any CPU
		{24FAF8BC-5461-42A9-845A-B5B686AF720F}.Debug|Any CPU.Build.0 = Debug|Any CPU
		{24FAF8BC-5461-42A9-845A-B5B686AF720F}.Release|Any CPU.ActiveCfg = Release|Any CPU
		{24FAF8BC-5461-42A9-845A-B5B686AF720F}.Release|Any CPU.Build.0 = Release|Any CPU
	EndGlobalSection
	GlobalSection(SolutionProperties) = preSolution
		HideSolutionNode = FALSE
	EndGlobalSection
	GlobalSection(ExtensibilityGlobals) = postSolution
		SolutionGuid = {9AD4309A-D8C4-441F-8EE3-F6F7DC250AF2}
	EndGlobalSection
EndGlobal
