
Microsoft Visual Studio Solution File, Format Version 12.00
# Visual Studio Version 17
VisualStudioVersion = 17.14.36623.8 d17.14
MinimumVisualStudioVersion = 10.0.40219.1
Project("{FAE04EC0-301F-11D3-BF4B-00C04F79EFBC}") = "lesson049", "lesson049.csproj", "{3985560B-EB38-4C25-A974-1F36E09A5B22}"
EndProject
Global
	GlobalSection(SolutionConfigurationPlatforms) = preSolution
		Debug|Any CPU = Debug|Any CPU
		Release|Any CPU = Release|Any CPU
	EndGlobalSection
	GlobalSection(ProjectConfigurationPlatforms) = postSolution
		{3985560B-EB38-4C25-A974-1F36E09A5B22}.Debug|Any CPU.ActiveCfg = Debug|Any CPU
		{3985560B-EB38-4C25-A974-1F36E09A5B22}.Debug|Any CPU.Build.0 = Debug|Any CPU
		{3985560B-EB38-4C25-A974-1F36E09A5B22}.Release|Any CPU.ActiveCfg = Release|Any CPU
		{3985560B-EB38-4C25-A974-1F36E09A5B22}.Release|Any CPU.Build.0 = Release|Any CPU
	EndGlobalSection
	GlobalSection(SolutionProperties) = preSolution
		HideSolutionNode = FALSE
	EndGlobalSection
	GlobalSection(ExtensibilityGlobals) = postSolution
		SolutionGuid = {3BECCEA1-3E25-4211-9B37-C2A76111A410}
	EndGlobalSection
EndGlobal
