
Microsoft Visual Studio Solution File, Format Version 12.00
# Visual Studio Version 17
VisualStudioVersion = 17.14.36623.8 d17.14
MinimumVisualStudioVersion = 10.0.40219.1
Project("{FAE04EC0-301F-11D3-BF4B-00C04F79EFBC}") = "lesson002", "lesson002.csproj", "{45DBCE3C-9689-4D1D-BCA0-00A1BD2E0950}"
EndProject
Global
	GlobalSection(SolutionConfigurationPlatforms) = preSolution
		Debug|Any CPU = Debug|Any CPU
		Release|Any CPU = Release|Any CPU
	EndGlobalSection
	GlobalSection(ProjectConfigurationPlatforms) = postSolution
		{45DBCE3C-9689-4D1D-BCA0-00A1BD2E0950}.Debug|Any CPU.ActiveCfg = Debug|Any CPU
		{45DBCE3C-9689-4D1D-BCA0-00A1BD2E0950}.Debug|Any CPU.Build.0 = Debug|Any CPU
		{45DBCE3C-9689-4D1D-BCA0-00A1BD2E0950}.Release|Any CPU.ActiveCfg = Release|Any CPU
		{45DBCE3C-9689-4D1D-BCA0-00A1BD2E0950}.Release|Any CPU.Build.0 = Release|Any CPU
	EndGlobalSection
	GlobalSection(SolutionProperties) = preSolution
		HideSolutionNode = FALSE
	EndGlobalSection
	GlobalSection(ExtensibilityGlobals) = postSolution
		SolutionGuid = {C50465A8-B4ED-4EE8-A712-A61EC9F6B233}
	EndGlobalSection
EndGlobal
