
Microsoft Visual Studio Solution File, Format Version 12.00
# Visual Studio Version 17
VisualStudioVersion = 17.14.36623.8 d17.14
MinimumVisualStudioVersion = 10.0.40219.1
Project("{FAE04EC0-301F-11D3-BF4B-00C04F79EFBC}") = "lesson013", "lesson013.csproj", "{F6567F49-FBDC-4E42-8D83-B0DB9BC64843}"
EndProject
Global
	GlobalSection(SolutionConfigurationPlatforms) = preSolution
		Debug|Any CPU = Debug|Any CPU
		Release|Any CPU = Release|Any CPU
	EndGlobalSection
	GlobalSection(ProjectConfigurationPlatforms) = postSolution
		{F6567F49-FBDC-4E42-8D83-B0DB9BC64843}.Debug|Any CPU.ActiveCfg = Debug|Any CPU
		{F6567F49-FBDC-4E42-8D83-B0DB9BC64843}.Debug|Any CPU.Build.0 = Debug|Any CPU
		{F6567F49-FBDC-4E42-8D83-B0DB9BC64843}.Release|Any CPU.ActiveCfg = Release|Any CPU
		{F6567F49-FBDC-4E42-8D83-B0DB9BC64843}.Release|Any CPU.Build.0 = Release|Any CPU
	EndGlobalSection
	GlobalSection(SolutionProperties) = preSolution
		HideSolutionNode = FALSE
	EndGlobalSection
	GlobalSection(ExtensibilityGlobals) = postSolution
		SolutionGuid = {D8E049D2-F081-4BFB-961A-D04737650E99}
	EndGlobalSection
EndGlobal
