
Microsoft Visual Studio Solution File, Format Version 12.00
# Visual Studio Version 17
VisualStudioVersion = 17.14.36623.8 d17.14
MinimumVisualStudioVersion = 10.0.40219.1
Project("{FAE04EC0-301F-11D3-BF4B-00C04F79EFBC}") = "lesson030", "lesson030.csproj", "{6890794D-4BBE-4E4D-934C-5842B57A0203}"
EndProject
Global
	GlobalSection(SolutionConfigurationPlatforms) = preSolution
		Debug|Any CPU = Debug|Any CPU
		Release|Any CPU = Release|Any CPU
	EndGlobalSection
	GlobalSection(ProjectConfigurationPlatforms) = postSolution
		{6890794D-4BBE-4E4D-934C-5842B57A0203}.Debug|Any CPU.ActiveCfg = Debug|Any CPU
		{6890794D-4BBE-4E4D-934C-5842B57A0203}.Debug|Any CPU.Build.0 = Debug|Any CPU
		{6890794D-4BBE-4E4D-934C-5842B57A0203}.Release|Any CPU.ActiveCfg = Release|Any CPU
		{6890794D-4BBE-4E4D-934C-5842B57A0203}.Release|Any CPU.Build.0 = Release|Any CPU
	EndGlobalSection
	GlobalSection(SolutionProperties) = preSolution
		HideSolutionNode = FALSE
	EndGlobalSection
	GlobalSection(ExtensibilityGlobals) = postSolution
		SolutionGuid = {056DC729-E6E2-4DF9-A8AB-1AAAAB6F6157}
	EndGlobalSection
EndGlobal
