
Microsoft Visual Studio Solution File, Format Version 12.00
# Visual Studio Version 17
VisualStudioVersion = 17.14.36623.8 d17.14
MinimumVisualStudioVersion = 10.0.40219.1
Project("{FAE04EC0-301F-11D3-BF4B-00C04F79EFBC}") = "lesson079", "lesson079.csproj", "{0C316939-323C-4294-A8A2-A317AE69217D}"
EndProject
Global
	GlobalSection(SolutionConfigurationPlatforms) = preSolution
		Debug|Any CPU = Debug|Any CPU
		Release|Any CPU = Release|Any CPU
	EndGlobalSection
	GlobalSection(ProjectConfigurationPlatforms) = postSolution
		{0C316939-323C-4294-A8A2-A317AE69217D}.Debug|Any CPU.ActiveCfg = Debug|Any CPU
		{0C316939-323C-4294-A8A2-A317AE69217D}.Debug|Any CPU.Build.0 = Debug|Any CPU
		{0C316939-323C-4294-A8A2-A317AE69217D}.Release|Any CPU.ActiveCfg = Release|Any CPU
		{0C316939-323C-4294-A8A2-A317AE69217D}.Release|Any CPU.Build.0 = Release|Any CPU
	EndGlobalSection
	GlobalSection(SolutionProperties) = preSolution
		HideSolutionNode = FALSE
	EndGlobalSection
	GlobalSection(ExtensibilityGlobals) = postSolution
		SolutionGuid = {65195506-5C0C-4891-9BA7-869CDB4317C9}
	EndGlobalSection
EndGlobal
