
Microsoft Visual Studio Solution File, Format Version 12.00
# Visual Studio Version 17
VisualStudioVersion = 17.14.36623.8 d17.14
MinimumVisualStudioVersion = 10.0.40219.1
Project("{FAE04EC0-301F-11D3-BF4B-00C04F79EFBC}") = "lesson005", "lesson005.csproj", "{DCE3F7DC-707D-4DF8-92CC-7FA0CFAF530F}"
EndProject
Global
	GlobalSection(SolutionConfigurationPlatforms) = preSolution
		Debug|Any CPU = Debug|Any CPU
		Release|Any CPU = Release|Any CPU
	EndGlobalSection
	GlobalSection(ProjectConfigurationPlatforms) = postSolution
		{DCE3F7DC-707D-4DF8-92CC-7FA0CFAF530F}.Debug|Any CPU.ActiveCfg = Debug|Any CPU
		{DCE3F7DC-707D-4DF8-92CC-7FA0CFAF530F}.Debug|Any CPU.Build.0 = Debug|Any CPU
		{DCE3F7DC-707D-4DF8-92CC-7FA0CFAF530F}.Release|Any CPU.ActiveCfg = Release|Any CPU
		{DCE3F7DC-707D-4DF8-92CC-7FA0CFAF530F}.Release|Any CPU.Build.0 = Release|Any CPU
	EndGlobalSection
	GlobalSection(SolutionProperties) = preSolution
		HideSolutionNode = FALSE
	EndGlobalSection
	GlobalSection(ExtensibilityGlobals) = postSolution
		SolutionGuid = {1073B28F-EEE5-421B-8EB5-0AFDC8EB6967}
	EndGlobalSection
EndGlobal
