
Microsoft Visual Studio Solution File, Format Version 12.00
# Visual Studio Version 17
VisualStudioVersion = 17.14.36623.8 d17.14
MinimumVisualStudioVersion = 10.0.40219.1
Project("{FAE04EC0-301F-11D3-BF4B-00C04F79EFBC}") = "lesson088", "lesson088.csproj", "{96591813-CCD5-4BAA-BF0E-F8FB8CBCFC93}"
EndProject
Global
	GlobalSection(SolutionConfigurationPlatforms) = preSolution
		Debug|Any CPU = Debug|Any CPU
		Release|Any CPU = Release|Any CPU
	EndGlobalSection
	GlobalSection(ProjectConfigurationPlatforms) = postSolution
		{96591813-CCD5-4BAA-BF0E-F8FB8CBCFC93}.Debug|Any CPU.ActiveCfg = Debug|Any CPU
		{96591813-CCD5-4BAA-BF0E-F8FB8CBCFC93}.Debug|Any CPU.Build.0 = Debug|Any CPU
		{96591813-CCD5-4BAA-BF0E-F8FB8CBCFC93}.Release|Any CPU.ActiveCfg = Release|Any CPU
		{96591813-CCD5-4BAA-BF0E-F8FB8CBCFC93}.Release|Any CPU.Build.0 = Release|Any CPU
	EndGlobalSection
	GlobalSection(SolutionProperties) = preSolution
		HideSolutionNode = FALSE
	EndGlobalSection
	GlobalSection(ExtensibilityGlobals) = postSolution
		SolutionGuid = {D62570B4-786E-4B8A-B99E-F47EA43421AF}
	EndGlobalSection
EndGlobal
